// !$*UTF8*$!
{
	archiveVersion = 1;
	classes = {
	};
	objectVersion = 56;
	objects = {

/* Begin PBXBuildFile section */
		2BE216712939FC8E00E08881 /* AppDelegate.m in Sources */ = {isa = PBXBuildFile; fileRef = 2BE216702939FC8E00E08881 /* AppDelegate.m */; };
		2BE216742939FC8E00E08881 /* SceneDelegate.m in Sources */ = {isa = PBXBuildFile; fileRef = 2BE216732939FC8E00E08881 /* SceneDelegate.m */; };
		2BE216772939FC8E00E08881 /* ViewController.m in Sources */ = {isa = PBXBuildFile; fileRef = 2BE216762939FC8E00E08881 /* ViewController.m */; };
		2BE2167A2939FC8E00E08881 /* Main.storyboard in Resources */ = {isa = PBXBuildFile; fileRef = 2BE216782939FC8E00E08881 /* Main.storyboard */; };
		2BE2167C2939FC8F00E08881 /* Assets.xcassets in Resources */ = {isa = PBXBuildFile; fileRef = 2BE2167B2939FC8F00E08881 /* Assets.xcassets */; };
		2BE2167F2939FC8F00E08881 /* LaunchScreen.storyboard in Resources */ = {isa = PBXBuildFile; fileRef = 2BE2167D2939FC8F00E08881 /* LaunchScreen.storyboard */; };
		2BE216822939FC8F00E08881 /* main.m in Sources */ = {isa = PBXBuildFile; fileRef = 2BE216812939FC8F00E08881 /* main.m */; };
		52EB0F1C90056371AAD2880B /* Pods_KAAlchemyClient.framework in Frameworks */ = {isa = PBXBuildFile; fileRef = EFEB41B7806BEE02B6758491 /* Pods_KAAlchemyClient.framework */; };
/* End PBXBuildFile section */

/* Begin PBXFileReference section */
		2BE2166C2939FC8E00E08881 /* KAAlchemyClient.app */ = {isa = PBXFileReference; explicitFileType = wrapper.application; includeInIndex = 0; path = KAAlchemyClient.app; sourceTree = BUILT_PRODUCTS_DIR; };
		2BE2166F2939FC8E00E08881 /* AppDelegate.h */ = {isa = PBXFileReference; lastKnownFileType = sourcecode.c.h; path = AppDelegate.h; sourceTree = "<group>"; };
		2BE216702939FC8E00E08881 /* AppDelegate.m */ = {isa = PBXFileReference; lastKnownFileType = sourcecode.c.objc; path = AppDelegate.m; sourceTree = "<group>"; };
		2BE216722939FC8E00E08881 /* SceneDelegate.h */ = {isa = PBXFileReference; lastKnownFileType = sourcecode.c.h; path = SceneDelegate.h; sourceTree = "<group>"; };
		2BE216732939FC8E00E08881 /* SceneDelegate.m */ = {isa = PBXFileReference; lastKnownFileType = sourcecode.c.objc; path = SceneDelegate.m; sourceTree = "<group>"; };
		2BE216752939FC8E00E08881 /* ViewController.h */ = {isa = PBXFileReference; lastKnownFileType = sourcecode.c.h; path = ViewController.h; sourceTree = "<group>"; };
		2BE216762939FC8E00E08881 /* ViewController.m */ = {isa = PBXFileReference; lastKnownFileType = sourcecode.c.objc; path = ViewController.m; sourceTree = "<group>"; };
		2BE216792939FC8E00E08881 /* Base */ = {isa = PBXFileReference; lastKnownFileType = file.storyboard; name = Base; path = Base.lproj/Main.storyboard; sourceTree = "<group>"; };
		2BE2167B2939FC8F00E08881 /* Assets.xcassets */ = {isa = PBXFileReference; lastKnownFileType = folder.assetcatalog; path = Assets.xcassets; sourceTree = "<group>"; };
		2BE2167E2939FC8F00E08881 /* Base */ = {isa = PBXFileReference; lastKnownFileType = file.storyboard; name = Base; path = Base.lproj/LaunchScreen.storyboard; sourceTree = "<group>"; };
		2BE216802939FC8F00E08881 /* Info.plist */ = {isa = PBXFileReference; lastKnownFileType = text.plist.xml; path = Info.plist; sourceTree = "<group>"; };
		2BE216812939FC8F00E08881 /* main.m */ = {isa = PBXFileReference; lastKnownFileType = sourcecode.c.objc; path = main.m; sourceTree = "<group>"; };
		2E2C5803BD5EEDC534562ADB /* Pods-KAAlchemyClient.release.xcconfig */ = {isa = PBXFileReference; includeInIndex = 1; lastKnownFileType = text.xcconfig; name = "Pods-KAAlchemyClient.release.xcconfig"; path = "Target Support Files/Pods-KAAlchemyClient/Pods-KAAlchemyClient.release.xcconfig"; sourceTree = "<group>"; };
		2F9CFEE1BA9C00D176BF52CE /* Pods-KAAlchemyClient.debug.xcconfig */ = {isa = PBXFileReference; includeInIndex = 1; lastKnownFileType = text.xcconfig; name = "Pods-KAAlchemyClient.debug.xcconfig"; path = "Target Support Files/Pods-KAAlchemyClient/Pods-KAAlchemyClient.debug.xcconfig"; sourceTree = "<group>"; };
		EFEB41B7806BEE02B6758491 /* Pods_KAAlchemyClient.framework */ = {isa = PBXFileReference; explicitFileType = wrapper.framework; includeInIndex = 0; path = Pods_KAAlchemyClient.framework; sourceTree = BUILT_PRODUCTS_DIR; };
/* End PBXFileReference section */

/* Begin PBXFrameworksBuildPhase section */
		2BE216692939FC8E00E08881 /* Frameworks */ = {
			isa = PBXFrameworksBuildPhase;
			buildActionMask = 2147483647;
			files = (
				52EB0F1C90056371AAD2880B /* Pods_KAAlchemyClient.framework in Frameworks */,
			);
			runOnlyForDeploymentPostprocessing = 0;
		};
/* End PBXFrameworksBuildPhase section */

/* Begin PBXGroup section */
		2BE216632939FC8D00E08881 = {
			isa = PBXGroup;
			children = (
				2BE2166E2939FC8E00E08881 /* KAAlchemyClient */,
				2BE2166D2939FC8E00E08881 /* Products */,
				3BFAD093C78F4E91ABB749C9 /* Pods */,
				48FF5B96901DC0DE2E5ED617 /* Frameworks */,
			);
			sourceTree = "<group>";
		};
		2BE2166D2939FC8E00E08881 /* Products */ = {
			isa = PBXGroup;
			children = (
				2BE2166C2939FC8E00E08881 /* KAAlchemyClient.app */,
			);
			name = Products;
			sourceTree = "<group>";
		};
		2BE2166E2939FC8E00E08881 /* KAAlchemyClient */ = {
			isa = PBXGroup;
			children = (
				2BE2166F2939FC8E00E08881 /* AppDelegate.h */,
				2BE216702939FC8E00E08881 /* AppDelegate.m */,
				2BE216722939FC8E00E08881 /* SceneDelegate.h */,
				2BE216732939FC8E00E08881 /* SceneDelegate.m */,
				2BE216752939FC8E00E08881 /* ViewController.h */,
				2BE216762939FC8E00E08881 /* ViewController.m */,
				2BE216782939FC8E00E08881 /* Main.storyboard */,
				2BE2167B2939FC8F00E08881 /* Assets.xcassets */,
				2BE2167D2939FC8F00E08881 /* LaunchScreen.storyboard */,
				2BE216802939FC8F00E08881 /* Info.plist */,
				2BE216812939FC8F00E08881 /* main.m */,
			);
			path = KAAlchemyClient;
			sourceTree = "<group>";
		};
		3BFAD093C78F4E91ABB749C9 /* Pods */ = {
			isa = PBXGroup;
			children = (
				2F9CFEE1BA9C00D176BF52CE /* Pods-KAAlchemyClient.debug.xcconfig */,
				2E2C5803BD5EEDC534562ADB /* Pods-KAAlchemyClient.release.xcconfig */,
			);
			name = Pods;
			path = Pods;
			sourceTree = "<group>";
		};
		48FF5B96901DC0DE2E5ED617 /* Frameworks */ = {
			isa = PBXGroup;
			children = (
				EFEB41B7806BEE02B6758491 /* Pods_KAAlchemyClient.framework */,
			);
			name = Frameworks;
			sourceTree = "<group>";
		};
/* End PBXGroup section */

/* Begin PBXNativeTarget section */
		2BE2166B2939FC8E00E08881 /* KAAlchemyClient */ = {
			isa = PBXNativeTarget;
			buildConfigurationList = 2BE216852939FC8F00E08881 /* Build configuration list for PBXNativeTarget "KAAlchemyClient" */;
			buildPhases = (
				C1DD9DA1CBB768576B22F5B2 /* [CP] Check Pods Manifest.lock */,
				2BE216682939FC8E00E08881 /* Sources */,
				2BE216692939FC8E00E08881 /* Frameworks */,
				2BE2166A2939FC8E00E08881 /* Resources */,
				118FDE0BD0088BDE451BC858 /* [CP] Embed Pods Frameworks */,
			);
			buildRules = (
			);
			dependencies = (
			);
			name = KAAlchemyClient;
			productName = KAAlchemyClient;
			productReference = 2BE2166C2939FC8E00E08881 /* KAAlchemyClient.app */;
			productType = "com.apple.product-type.application";
		};
/* End PBXNativeTarget section */

/* Begin PBXProject section */
		2BE216642939FC8D00E08881 /* Project object */ = {
			isa = PBXProject;
			attributes = {
				BuildIndependentTargetsInParallel = 1;
				LastUpgradeCheck = 1400;
				TargetAttributes = {
					2BE2166B2939FC8E00E08881 = {
						CreatedOnToolsVersion = 14.0.1;
					};
				};
			};
			buildConfigurationList = 2BE216672939FC8D00E08881 /* Build configuration list for PBXProject "KAAlchemyClient" */;
			compatibilityVersion = "Xcode 14.0";
			developmentRegion = en;
			hasScannedForEncodings = 0;
			knownRegions = (
				en,
				Base,
			);
			mainGroup = 2BE216632939FC8D00E08881;
			productRefGroup = 2BE2166D2939FC8E00E08881 /* Products */;
			projectDirPath = "";
			projectRoot = "";
			targets = (
				2BE2166B2939FC8E00E08881 /* KAAlchemyClient */,
			);
		};
/* End PBXProject section */

/* Begin PBXResourcesBuildPhase section */
		2BE2166A2939FC8E00E08881 /* Resources */ = {
			isa = PBXResourcesBuildPhase;
			buildActionMask = 2147483647;
			files = (
				2BE2167F2939FC8F00E08881 /* LaunchScreen.storyboard in Resources */,
				2BE2167C2939FC8F00E08881 /* Assets.xcassets in Resources */,
				2BE2167A2939FC8E00E08881 /* Main.storyboard in Resources */,
			);
			runOnlyForDeploymentPostprocessing = 0;
		};
/* End PBXResourcesBuildPhase section */

/* Begin PBXShellScriptBuildPhase section */
		118FDE0BD0088BDE451BC858 /* [CP] Embed Pods Frameworks */ = {
			isa = PBXShellScriptBuildPhase;
			buildActionMask = 2147483647;
			files = (
			);
			inputFileListPaths = (
				"${PODS_ROOT}/Target Support Files/Pods-KAAlchemyClient/Pods-KAAlchemyClient-frameworks-${CONFIGURATION}-input-files.xcfilelist",
			);
			name = "[CP] Embed Pods Frameworks";
			outputFileListPaths = (
				"${PODS_ROOT}/Target Support Files/Pods-KAAlchemyClient/Pods-KAAlchemyClient-frameworks-${CONFIGURATION}-output-files.xcfilelist",
			);
			runOnlyForDeploymentPostprocessing = 0;
			shellPath = /bin/sh;
			shellScript = "\"${PODS_ROOT}/Target Support Files/Pods-KAAlchemyClient/Pods-KAAlchemyClient-frameworks.sh\"\n";
			showEnvVarsInLog = 0;
		};
		C1DD9DA1CBB768576B22F5B2 /* [CP] Check Pods Manifest.lock */ = {
			isa = PBXShellScriptBuildPhase;
			buildActionMask = 2147483647;
			files = (
			);
			inputFileListPaths = (
			);
			inputPaths = (
				"${PODS_PODFILE_DIR_PATH}/Podfile.lock",
				"${PODS_ROOT}/Manifest.lock",
			);
			name = "[CP] Check Pods Manifest.lock";
			outputFileListPaths = (
			);
			outputPaths = (
				"$(DERIVED_FILE_DIR)/Pods-KAAlchemyClient-checkManifestLockResult.txt",
			);
			runOnlyForDeploymentPostprocessing = 0;
			shellPath = /bin/sh;
			shellScript = "diff \"${PODS_PODFILE_DIR_PATH}/Podfile.lock\" \"${PODS_ROOT}/Manifest.lock\" > /dev/null\nif [ $? != 0 ] ; then\n    # print error to STDERR\n    echo \"error: The sandbox is not in sync with the Podfile.lock. Run 'pod install' or update your CocoaPods installation.\" >&2\n    exit 1\nfi\n# This output is used by Xcode 'outputs' to avoid re-running this script phase.\necho \"SUCCESS\" > \"${SCRIPT_OUTPUT_FILE_0}\"\n";
			showEnvVarsInLog = 0;
		};
/* End PBXShellScriptBuildPhase section */

/* Begin PBXSourcesBuildPhase section */
		2BE216682939FC8E00E08881 /* Sources */ = {
			isa = PBXSourcesBuildPhase;
			buildActionMask = 2147483647;
			files = (
				2BE216772939FC8E00E08881 /* ViewController.m in Sources */,
				2BE216712939FC8E00E08881 /* AppDelegate.m in Sources */,
				2BE216822939FC8F00E08881 /* main.m in Sources */,
				2BE216742939FC8E00E08881 /* SceneDelegate.m in Sources */,
			);
			runOnlyForDeploymentPostprocessing = 0;
		};
/* End PBXSourcesBuildPhase section */

/* Begin PBXVariantGroup section */
		2BE216782939FC8E00E08881 /* Main.storyboard */ = {
			isa = PBXVariantGroup;
			children = (
				2BE216792939FC8E00E08881 /* Base */,
			);
			name = Main.storyboard;
			sourceTree = "<group>";
		};
		2BE2167D2939FC8F00E08881 /* LaunchScreen.storyboard */ = {
			isa = PBXVariantGroup;
			children = (
				2BE2167E2939FC8F00E08881 /* Base */,
			);
			name = LaunchScreen.storyboard;
			sourceTree = "<group>";
		};
/* End PBXVariantGroup section */

/* Begin XCBuildConfiguration section */
		2BE216832939FC8F00E08881 /* Debug */ = {
			isa = XCBuildConfiguration;
			buildSettings = {
				ALWAYS_SEARCH_USER_PATHS = NO;
				CLANG_ANALYZER_NONNULL = YES;
				CLANG_ANALYZER_NUMBER_OBJECT_CONVERSION = YES_AGGRESSIVE;
				CLANG_CXX_LANGUAGE_STANDARD = "gnu++20";
				CLANG_ENABLE_MODULES = YES;
				CLANG_ENABLE_OBJC_ARC = YES;
				CLANG_ENABLE_OBJC_WEAK = YES;
				CLANG_WARN_BLOCK_CAPTURE_AUTORELEASING = YES;
				CLANG_WARN_BOOL_CONVERSION = YES;
				CLANG_WARN_COMMA = YES;
				CLANG_WARN_CONSTANT_CONVERSION = YES;
				CLANG_WARN_DEPRECATED_OBJC_IMPLEMENTATIONS = YES;
				CLANG_WARN_DIRECT_OBJC_ISA_USAGE = YES_ERROR;
				CLANG_WARN_DOCUMENTATION_COMMENTS = YES;
				CLANG_WARN_EMPTY_BODY = YES;
				CLANG_WARN_ENUM_CONVERSION = YES;
				CLANG_WARN_INFINITE_RECURSION = YES;
				CLANG_WARN_INT_CONVERSION = YES;
				CLANG_WARN_NON_LITERAL_NULL_CONVERSION = YES;
				CLANG_WARN_OBJC_IMPLICIT_RETAIN_SELF = YES;
				CLANG_WARN_OBJC_LITERAL_CONVERSION = YES;
				CLANG_WARN_OBJC_ROOT_CLASS = YES_ERROR;
				CLANG_WARN_QUOTED_INCLUDE_IN_FRAMEWORK_HEADER = YES;
				CLANG_WARN_RANGE_LOOP_ANALYSIS = YES;
				CLANG_WARN_STRICT_PROTOTYPES = YES;
				CLANG_WARN_SUSPICIOUS_MOVE = YES;
				CLANG_WARN_UNGUARDED_AVAILABILITY = YES_AGGRESSIVE;
				CLANG_WARN_UNREACHABLE_CODE = YES;
				CLANG_WARN__DUPLICATE_METHOD_MATCH = YES;
				COPY_PHASE_STRIP = NO;
				DEBUG_INFORMATION_FORMAT = dwarf;
				ENABLE_STRICT_OBJC_MSGSEND = YES;
				ENABLE_TESTABILITY = YES;
				GCC_C_LANGUAGE_STANDARD = gnu11;
				GCC_DYNAMIC_NO_PIC = NO;
				GCC_NO_COMMON_BLOCKS = YES;
				GCC_OPTIMIZATION_LEVEL = 0;
				GCC_PREPROCESSOR_DEFINITIONS = (
					"DEBUG=1",
					"$(inherited)",
				);
				GCC_WARN_64_TO_32_BIT_CONVERSION = YES;
				GCC_WARN_ABOUT_RETURN_TYPE = YES_ERROR;
				GCC_WARN_UNDECLARED_SELECTOR = YES;
				GCC_WARN_UNINITIALIZED_AUTOS = YES_AGGRESSIVE;
				GCC_WARN_UNUSED_FUNCTION = YES;
				GCC_WARN_UNUSED_VARIABLE = YES;
				IPHONEOS_DEPLOYMENT_TARGET = 16.0;
				MTL_ENABLE_DEBUG_INFO = INCLUDE_SOURCE;
				MTL_FAST_MATH = YES;
				ONLY_ACTIVE_ARCH = YES;
				SDKROOT = iphoneos;
			};
			name = Debug;
		};
		2BE216842939FC8F00E08881 /* Release */ = {
			isa = XCBuildConfiguration;
			buildSettings = {
				ALWAYS_SEARCH_USER_PATHS = NO;
				CLANG_ANALYZER_NONNULL = YES;
				CLANG_ANALYZER_NUMBER_OBJECT_CONVERSION = YES_AGGRESSIVE;
				CLANG_CXX_LANGUAGE_STANDARD = "gnu++20";
				CLANG_ENABLE_MODULES = YES;
				CLANG_ENABLE_OBJC_ARC = YES;
				CLANG_ENABLE_OBJC_WEAK = YES;
				CLANG_WARN_BLOCK_CAPTURE_AUTORELEASING = YES;
				CLANG_WARN_BOOL_CONVERSION = YES;
				CLANG_WARN_COMMA = YES;
				CLANG_WARN_CONSTANT_CONVERSION = YES;
				CLANG_WARN_DEPRECATED_OBJC_IMPLEMENTATIONS = YES;
				CLANG_WARN_DIRECT_OBJC_ISA_USAGE = YES_ERROR;
				CLANG_WARN_DOCUMENTATION_COMMENTS = YES;
				CLANG_WARN_EMPTY_BODY = YES;
				CLANG_WARN_ENUM_CONVERSION = YES;
				CLANG_WARN_INFINITE_RECURSION = YES;
				CLANG_WARN_INT_CONVERSION = YES;
				CLANG_WARN_NON_LITERAL_NULL_CONVERSION = YES;
				CLANG_WARN_OBJC_IMPLICIT_RETAIN_SELF = YES;
				CLANG_WARN_OBJC_LITERAL_CONVERSION = YES;
				CLANG_WARN_OBJC_ROOT_CLASS = YES_ERROR;
				CLANG_WARN_QUOTED_INCLUDE_IN_FRAMEWORK_HEADER = YES;
				CLANG_WARN_RANGE_LOOP_ANALYSIS = YES;
				CLANG_WARN_STRICT_PROTOTYPES = YES;
				CLANG_WARN_SUSPICIOUS_MOVE = YES;
				CLANG_WARN_UNGUARDED_AVAILABILITY = YES_AGGRESSIVE;
				CLANG_WARN_UNREACHABLE_CODE = YES;
				CLANG_WARN__DUPLICATE_METHOD_MATCH = YES;
				COPY_PHASE_STRIP = NO;
				DEBUG_INFORMATION_FORMAT = "dwarf-with-dsym";
				ENABLE_NS_ASSERTIONS = NO;
				ENABLE_STRICT_OBJC_MSGSEND = YES;
				GCC_C_LANGUAGE_STANDARD = gnu11;
				GCC_NO_COMMON_BLOCKS = YES;
				GCC_WARN_64_TO_32_BIT_CONVERSION = YES;
				GCC_WARN_ABOUT_RETURN_TYPE = YES_ERROR;
				GCC_WARN_UNDECLARED_SELECTOR = YES;
				GCC_WARN_UNINITIALIZED_AUTOS = YES_AGGRESSIVE;
				GCC_WARN_UNUSED_FUNCTION = YES;
				GCC_WARN_UNUSED_VARIABLE = YES;
				IPHONEOS_DEPLOYMENT_TARGET = 16.0;
				MTL_ENABLE_DEBUG_INFO = NO;
				MTL_FAST_MATH = YES;
				SDKROOT = iphoneos;
				VALIDATE_PRODUCT = YES;
			};
			name = Release;
		};
		2BE216862939FC8F00E08881 /* Debug */ = {
			isa = XCBuildConfiguration;
			baseConfigurationReference = 2F9CFEE1BA9C00D176BF52CE /* Pods-KAAlchemyClient.debug.xcconfig */;
			buildSettings = {
				ASSETCATALOG_COMPILER_APPICON_NAME = AppIcon;
				ASSETCATALOG_COMPILER_GLOBAL_ACCENT_COLOR_NAME = AccentColor;
				CODE_SIGN_STYLE = Automatic;
				CURRENT_PROJECT_VERSION = 1;
				DEVELOPMENT_TEAM = H49DBB47YQ;
				GENERATE_INFOPLIST_FILE = YES;
				INFOPLIST_FILE = KAAlchemyClient/Info.plist;
				INFOPLIST_KEY_UIApplicationSupportsIndirectInputEvents = YES;
				INFOPLIST_KEY_UILaunchStoryboardName = LaunchScreen;
				INFOPLIST_KEY_UIMainStoryboardFile = Main;
				INFOPLIST_KEY_UISupportedInterfaceOrientations_iPad = "UIInterfaceOrientationPortrait UIInterfaceOrientationPortraitUpsideDown UIInterfaceOrientationLandscapeLeft UIInterfaceOrientationLandscapeRight";
				INFOPLIST_KEY_UISupportedInterfaceOrientations_iPhone = "UIInterfaceOrientationPortrait UIInterfaceOrientationLandscapeLeft UIInterfaceOrientationLandscapeRight";
				LD_RUNPATH_SEARCH_PATHS = (
					"$(inherited)",
					"@executable_path/Frameworks",
				);
				MARKETING_VERSION = 1.0;
				PRODUCT_BUNDLE_IDENTIFIER = KA.com.KAAlchemyClient;
				PRODUCT_NAME = "$(TARGET_NAME)";
				SWIFT_EMIT_LOC_STRINGS = YES;
				TARGETED_DEVICE_FAMILY = "1,2";
			};
			name = Debug;
		};
		2BE216872939FC8F00E08881 /* Release */ = {
			isa = XCBuildConfiguration;
			baseConfigurationReference = 2E2C5803BD5EEDC534562ADB /* Pods-KAAlchemyClient.release.xcconfig */;
			buildSettings = {
				ASSETCATALOG_COMPILER_APPICON_NAME = AppIcon;
				ASSETCATALOG_COMPILER_GLOBAL_ACCENT_COLOR_NAME = AccentColor;
				CODE_SIGN_STYLE = Automatic;
				CURRENT_PROJECT_VERSION = 1;
				DEVELOPMENT_TEAM = H49DBB47YQ;
				GENERATE_INFOPLIST_FILE = YES;
				INFOPLIST_FILE = KAAlchemyClient/Info.plist;
				INFOPLIST_KEY_UIApplicationSupportsIndirectInputEvents = YES;
				INFOPLIST_KEY_UILaunchStoryboardName = LaunchScreen;
				INFOPLIST_KEY_UIMainStoryboardFile = Main;
				INFOPLIST_KEY_UISupportedInterfaceOrientations_iPad = "UIInterfaceOrientationPortrait UIInterfaceOrientationPortraitUpsideDown UIInterfaceOrientationLandscapeLeft UIInterfaceOrientationLandscapeRight";
				INFOPLIST_KEY_UISupportedInterfaceOrientations_iPhone = "UIInterfaceOrientationPortrait UIInterfaceOrientationLandscapeLeft UIInterfaceOrientationLandscapeRight";
				LD_RUNPATH_SEARCH_PATHS = (
					"$(inherited)",
					"@executable_path/Frameworks",
				);
				MARKETING_VERSION = 1.0;
				PRODUCT_BUNDLE_IDENTIFIER = KA.com.KAAlchemyClient;
				PRODUCT_NAME = "$(TARGET_NAME)";
				SWIFT_EMIT_LOC_STRINGS = YES;
				TARGETED_DEVICE_FAMILY = "1,2";
			};
			name = Release;
		};
/* End XCBuildConfiguration section */

/* Begin XCConfigurationList section */
		2BE216672939FC8D00E08881 /* Build configuration list for PBXProject "KAAlchemyClient" */ = {
			isa = XCConfigurationList;
			buildConfigurations = (
				2BE216832939FC8F00E08881 /* Debug */,
				2BE216842939FC8F00E08881 /* Release */,
			);
			defaultConfigurationIsVisible = 0;
			defaultConfigurationName = Release;
		};
		2BE216852939FC8F00E08881 /* Build configuration list for PBXNativeTarget "KAAlchemyClient" */ = {
			isa = XCConfigurationList;
			buildConfigurations = (
				2BE216862939FC8F00E08881 /* Debug */,
				2BE216872939FC8F00E08881 /* Release */,
			);
			defaultConfigurationIsVisible = 0;
			defaultConfigurationName = Release;
		};
/* End XCConfigurationList section */
	};
	rootObject = 2BE216642939FC8D00E08881 /* Project object */;
}
