PODS:
  - LKAppLinkExternal (1.2.3):
    - LKKABridge
    - LKLoggerExternal
  - LKJsApiExternal (1.1.3):
    - LKKABridge
    - NativeAppPublicKit
  - LKJsApiExternalIMP (0.0.1):
    - LKJsApiExternal (= 1.1.3)
  - LKKABridge (1.1.0)
  - LKKAContainer (0.1.0-alpha.0)
  - LKKACore (1.1.1)
  - LKLifecycleExternal (1.0.1):
    - LKKABridge
    - LKLoggerExternal
  - LKLifecycleExternalIMP (0.0.1):
    - LKKACore (= 1.1.1)
    - LKLifecycleExternal (= 1.0.1)
    - LKLoggerExternalIMP
  - LKLoggerExternal (1.1.3):
    - LKKABridge
  - LKLoggerExternalIMP (0.0.1):
    - LKLoggerExternal (= 1.1.3)
  - LKMenusExternal (1.1.2):
    - LKKABridge
  - LKMenusExternalIMP (0.0.1):
    - LKMenusExternal (= 1.1.2)
    - LKMessageExternalIMP
    - LKNativeAppOpenApiExternalIMP
  - LKMessageExternal (1.1.3):
    - LKKABridge
    - LKMenusExternal
  - LKMessageExternalIMP (0.0.1):
    - LKMessageExternal (= 1.1.3)
    - LKNativeAppOpenApiExternalIMP
  - LKNativeAppExtensionExternal (1.1.5):
    - LKKABridge
  - LKNativeAppExtensionExternalIMP (0.0.1):
    - LKAppLinkExternal (= 1.2.3)
    - LKNativeAppExtensionExternal (= 1.1.5)
    - SnapKit (= 5.0.1)
  - LKNativeAppOpenApiExternal (1.1.1):
    - LKKABridge
  - LKNativeAppOpenApiExternalIMP (0.0.1):
    - LKNativeAppOpenApiExternal (= 1.1.1)
  - LKQRCodeExternal (1.1.3):
    - LKKABridge
  - LKQRCodeExternalIMP (0.0.1):
    - LKLoggerExternalIMP
    - LKNativeAppOpenApiExternalIMP
    - LKQRCodeExternal (= 1.1.3)
  - LKShortcutExternal (1.1.3):
    - LKKABridge
    - LKLoggerExternal
  - LKShortcutExternalIMP (0.0.1):
    - LKShortcutExternal (= 1.1.3)
  - LKTabExternal (1.1.3):
    - LKKABridge
  - LKTabExternalIMP (0.0.1):
    - LKMessageExternalIMP
    - LKTabExternal (= 1.1.3)
    - SnapKit (= 5.0.1)
  - LKWebContainerExternal (1.2.2):
    - LKKABridge
  - LKWebContainerExternalIMP (0.0.1):
    - LKWebContainerExternal (= 1.2.2)
    - SnapKit (= 5.0.1)
  - NativeAppPublicKit (1.1.2):
    - LKKABridge
  - SnapKit (5.0.1)

DEPENDENCIES:
  - LKJsApiExternalIMP (from `./LKJsApiExternalIMP`)
  - LKKAContainer (from `/Users/bytedance/repo/alchemy_app_demo/alchemy_app_demo_ios/alchemy/alchemy_scripts//LKKAContainer`)
  - LKLifecycleExternalIMP (from `./LKLifecycleExternalIMP`)
  - LKLoggerExternalIMP (from `./LKLoggerExternalIMP`)
  - LKMenusExternalIMP (from `./LKMenusExternalIMP`)
  - LKMessageExternalIMP (from `./LKMessageExternalIMP`)
  - LKNativeAppExtensionExternalIMP (from `./LKNativeAppExtensionExternalIMP`)
  - LKNativeAppOpenApiExternalIMP (from `./LKNativeAppOpenApiExternalIMP`)
  - LKQRCodeExternalIMP (from `./LKQRCodeExternalIMP`)
  - LKShortcutExternalIMP (from `./LKShortcutExternalIMP`)
  - LKTabExternalIMP (from `./LKTabExternalIMP`)
  - LKWebContainerExternalIMP (from `./LKWebContainerExternalIMP`)

SPEC REPOS:
  https://github.com/CocoaPods/Specs.git:
    - LKAppLinkExternal
    - LKJsApiExternal
    - LKKABridge
    - LKKACore
    - LKLifecycleExternal
    - LKLoggerExternal
    - LKMenusExternal
    - LKMessageExternal
    - LKNativeAppExtensionExternal
    - LKNativeAppOpenApiExternal
    - LKQRCodeExternal
    - LKShortcutExternal
    - LKTabExternal
    - LKWebContainerExternal
    - NativeAppPublicKit
    - SnapKit

EXTERNAL SOURCES:
  LKJsApiExternalIMP:
    :path: "./LKJsApiExternalIMP"
  LKKAContainer:
    :path: "/Users/bytedance/repo/alchemy_app_demo/alchemy_app_demo_ios/alchemy/alchemy_scripts//LKKAContainer"
  LKLifecycleExternalIMP:
    :path: "./LKLifecycleExternalIMP"
  LKLoggerExternalIMP:
    :path: "./LKLoggerExternalIMP"
  LKMenusExternalIMP:
    :path: "./LKMenusExternalIMP"
  LKMessageExternalIMP:
    :path: "./LKMessageExternalIMP"
  LKNativeAppExtensionExternalIMP:
    :path: "./LKNativeAppExtensionExternalIMP"
  LKNativeAppOpenApiExternalIMP:
    :path: "./LKNativeAppOpenApiExternalIMP"
  LKQRCodeExternalIMP:
    :path: "./LKQRCodeExternalIMP"
  LKShortcutExternalIMP:
    :path: "./LKShortcutExternalIMP"
  LKTabExternalIMP:
    :path: "./LKTabExternalIMP"
  LKWebContainerExternalIMP:
    :path: "./LKWebContainerExternalIMP"

SPEC CHECKSUMS:
  LKAppLinkExternal: c297b85c3c38b4facfed2177940a738946ae5ab6
  LKJsApiExternal: f68863f157347e633e400c84f369064aaa53edaf
  LKJsApiExternalIMP: 6db2ffcc1099fc01ffb6738d8c8f118353183053
  LKKABridge: 0de7167a2bf080573949076ff08d06487416b209
  LKKAContainer: 63d946b271d91a21b7ce6f82c05f61a7c98cc4f5
  LKKACore: 5e5c6533d99a00cb7fc4de51b4d85a874930ade3
  LKLifecycleExternal: 409b8546627645877a0156453ee66096cd7a5d4d
  LKLifecycleExternalIMP: 8562fa4943dd110ae7f84cf438f0755a2a99510f
  LKLoggerExternal: 773d926d7f4a8982584afedbc7d53c6e329df0d6
  LKLoggerExternalIMP: fc0913c20f6d143b5c051cb61e3e700b4faca3a6
  LKMenusExternal: e1b0db930585d561a6da858f2a3af0c8dc916579
  LKMenusExternalIMP: 281fbe5396b23a1f6b927b74ca7c084b1c4ef767
  LKMessageExternal: 41b61cce454b24f325d15ac3b5648774a69c0f53
  LKMessageExternalIMP: 5c530db494e9e3e50a869fbbd1b874c1edf28a87
  LKNativeAppExtensionExternal: d925aafe350dbc64f18db2cb665005aa414a87a0
  LKNativeAppExtensionExternalIMP: e71b52e195579544b3332cd921971b4db50d73ce
  LKNativeAppOpenApiExternal: 496e6ebc9d9dca09005a1c699045e216126905a3
  LKNativeAppOpenApiExternalIMP: 48b44ca1da8c6b4da210b571ef207011b611f322
  LKQRCodeExternal: a16009415d1516d5365f430b46a314356db3f15b
  LKQRCodeExternalIMP: bddda5e868f423692cd807ffe05cd4bc20fa1a97
  LKShortcutExternal: bac8ddb8339558a5c525af740f0c2a28a7bd531a
  LKShortcutExternalIMP: b716921ba7df6241c7a214b394a25a2097fb3b1e
  LKTabExternal: 553a860c855f5c0e34cf492780f1ee677c86218e
  LKTabExternalIMP: 6958a186dfc33dfefbcda97682fd9470e594a2bd
  LKWebContainerExternal: 3256811dde27f23b4118c6838e3e8f9eb4853961
  LKWebContainerExternalIMP: f32b6ca6730216b3fbc79c33c1ed234293d7d387
  NativeAppPublicKit: d2da96071f820b4865321a2fee2e64520249572b
  SnapKit: 97b92857e3df3a0c71833cce143274bf6ef8e5eb

PODFILE CHECKSUM: d2240b1a0bb944883c2e410e1c8fba1c5237b4ce

COCOAPODS: 1.13.0
